
Microsoft Visual Studio Solution File, Format Version 12.00
# Visual Studio Version 17
VisualStudioVersion = 17.14.36408.4
MinimumVisualStudioVersion = 10.0.40219.1
Project("{FAE04EC0-301F-11D3-BF4B-00C04F79EFBC}") = "Revue", "..\Users\Vasil Vasilev\source\repos\Revue\Revue\Revue.csproj", "{5574C9D1-CA25-4D59-926B-DEA9C78CC12B}"
EndProject
Global
	GlobalSection(SolutionConfigurationPlatforms) = preSolution
		Debug|Any CPU = Debug|Any CPU
		Release|Any CPU = Release|Any CPU
	EndGlobalSection
	GlobalSection(ProjectConfigurationPlatforms) = postSolution
		{5574C9D1-CA25-4D59-926B-DEA9C78CC12B}.Debug|Any CPU.ActiveCfg = Debug|Any CPU
		{5574C9D1-CA25-4D59-926B-DEA9C78CC12B}.Debug|Any CPU.Build.0 = Debug|Any CPU
		{5574C9D1-CA25-4D59-926B-DEA9C78CC12B}.Release|Any CPU.ActiveCfg = Release|Any CPU
		{5574C9D1-CA25-4D59-926B-DEA9C78CC12B}.Release|Any CPU.Build.0 = Release|Any CPU
	EndGlobalSection
	GlobalSection(SolutionProperties) = preSolution
		HideSolutionNode = FALSE
	EndGlobalSection
	GlobalSection(ExtensibilityGlobals) = postSolution
		SolutionGuid = {D18411BF-4458-4B79-B7D1-9D9079E354FC}
	EndGlobalSection
EndGlobal
